
Microsoft Visual Studio Solution File, Format Version 12.00
# Visual Studio 2013
VisualStudioVersion = 12.0.31101.0
MinimumVisualStudioVersion = 10.0.40219.1
Project("{FAE04EC0-301F-11D3-BF4B-00C04F79EFBC}") = "MobileBackup", "MobileBackup\MobileBackup.csproj", "{B373AFA7-479C-4883-B8B2-F2D41F150E24}"
EndProject
Project("{FAE04EC0-301F-11D3-BF4B-00C04F79EFBC}") = "MobileBackup.ZTE.Test", "MobileBackupTest\MobileBackup.ZTE.Test.csproj", "{D4C4D9DC-7B55-48B9-8045-08C0DB9BA6EB}"
EndProject
Project("{FAE04EC0-301F-11D3-BF4B-00C04F79EFBC}") = "MobileBackup.MeiZu.Test", "MobileBackup.MeiZu.Test\MobileBackup.MeiZu.Test.csproj", "{E404F9F0-1F35-4987-9235-34071CF42780}"
EndProject
Project("{FAE04EC0-301F-11D3-BF4B-00C04F79EFBC}") = "MobileBackup.Vivo.Test", "MobileBackup.Vivo.Test\MobileBackup.Vivo.Test.csproj", "{CE661692-420A-4B39-99F8-ABE78409A07F}"
EndProject
Project("{FAE04EC0-301F-11D3-BF4B-00C04F79EFBC}") = "MobileBackup.Demo.WinForm", "MobileBackup.Demo.WinForm\MobileBackup.Demo.WinForm.csproj", "{D6085D6F-3FE1-4D71-B50F-52C28C3B7AFF}"
EndProject
Global
	GlobalSection(SolutionConfigurationPlatforms) = preSolution
		Debug|Any CPU = Debug|Any CPU
		Release|Any CPU = Release|Any CPU
	EndGlobalSection
	GlobalSection(ProjectConfigurationPlatforms) = postSolution
		{B373AFA7-479C-4883-B8B2-F2D41F150E24}.Debug|Any CPU.ActiveCfg = Debug|Any CPU
		{B373AFA7-479C-4883-B8B2-F2D41F150E24}.Debug|Any CPU.Build.0 = Debug|Any CPU
		{B373AFA7-479C-4883-B8B2-F2D41F150E24}.Release|Any CPU.ActiveCfg = Release|Any CPU
		{B373AFA7-479C-4883-B8B2-F2D41F150E24}.Release|Any CPU.Build.0 = Release|Any CPU
		{D4C4D9DC-7B55-48B9-8045-08C0DB9BA6EB}.Debug|Any CPU.ActiveCfg = Debug|Any CPU
		{D4C4D9DC-7B55-48B9-8045-08C0DB9BA6EB}.Debug|Any CPU.Build.0 = Debug|Any CPU
		{D4C4D9DC-7B55-48B9-8045-08C0DB9BA6EB}.Release|Any CPU.ActiveCfg = Release|Any CPU
		{D4C4D9DC-7B55-48B9-8045-08C0DB9BA6EB}.Release|Any CPU.Build.0 = Release|Any CPU
		{E404F9F0-1F35-4987-9235-34071CF42780}.Debug|Any CPU.ActiveCfg = Debug|Any CPU
		{E404F9F0-1F35-4987-9235-34071CF42780}.Debug|Any CPU.Build.0 = Debug|Any CPU
		{E404F9F0-1F35-4987-9235-34071CF42780}.Release|Any CPU.ActiveCfg = Release|Any CPU
		{E404F9F0-1F35-4987-9235-34071CF42780}.Release|Any CPU.Build.0 = Release|Any CPU
		{CE661692-420A-4B39-99F8-ABE78409A07F}.Debug|Any CPU.ActiveCfg = Debug|Any CPU
		{CE661692-420A-4B39-99F8-ABE78409A07F}.Debug|Any CPU.Build.0 = Debug|Any CPU
		{CE661692-420A-4B39-99F8-ABE78409A07F}.Release|Any CPU.ActiveCfg = Release|Any CPU
		{CE661692-420A-4B39-99F8-ABE78409A07F}.Release|Any CPU.Build.0 = Release|Any CPU
		{D6085D6F-3FE1-4D71-B50F-52C28C3B7AFF}.Debug|Any CPU.ActiveCfg = Debug|Any CPU
		{D6085D6F-3FE1-4D71-B50F-52C28C3B7AFF}.Debug|Any CPU.Build.0 = Debug|Any CPU
		{D6085D6F-3FE1-4D71-B50F-52C28C3B7AFF}.Release|Any CPU.ActiveCfg = Release|Any CPU
		{D6085D6F-3FE1-4D71-B50F-52C28C3B7AFF}.Release|Any CPU.Build.0 = Release|Any CPU
	EndGlobalSection
	GlobalSection(SolutionProperties) = preSolution
		HideSolutionNode = FALSE
	EndGlobalSection
EndGlobal
